
Microsoft Visual Studio Solution File, Format Version 12.00
# Visual Studio 14
VisualStudioVersion = 14.0.25420.1
MinimumVisualStudioVersion = 10.0.40219.1
Project("{FAE04EC0-301F-11D3-BF4B-00C04F79EFBC}") = "PolylinesComparer", "PolylinesComparer\PolylinesComparer.csproj", "{B854E23F-C690-460B-8106-D58AF987D1F6}"
EndProject
Project("{FAE04EC0-301F-11D3-BF4B-00C04F79EFBC}") = "PolylinesComparerTests", "PolylinesComparerTests\PolylinesComparerTests.csproj", "{D2FE7DFC-29FE-42ED-9799-42D3B409DD43}"
EndProject
Project("{FAE04EC0-301F-11D3-BF4B-00C04F79EFBC}") = "GridStepAlternative", "GridStepAlternative\GridStepAlternative.csproj", "{5A577590-2AF7-4176-BC20-FA7B2B80BF9B}"
EndProject
Project("{2150E333-8FDC-42A3-9474-1A3956D46DE8}") = "GridStep", "GridStep", "{5123F263-9F4C-4016-83FC-8D5F45F28740}"
	ProjectSection(SolutionItems) = preProject
		ChainsSchema.xsd = ChainsSchema.xsd
		EntitysSchema.xsd = EntitysSchema.xsd
	EndProjectSection
EndProject
Global
	GlobalSection(SolutionConfigurationPlatforms) = preSolution
		Debug|Any CPU = Debug|Any CPU
		Release|Any CPU = Release|Any CPU
	EndGlobalSection
	GlobalSection(ProjectConfigurationPlatforms) = postSolution
		{B854E23F-C690-460B-8106-D58AF987D1F6}.Debug|Any CPU.ActiveCfg = Debug|Any CPU
		{B854E23F-C690-460B-8106-D58AF987D1F6}.Debug|Any CPU.Build.0 = Debug|Any CPU
		{B854E23F-C690-460B-8106-D58AF987D1F6}.Release|Any CPU.ActiveCfg = Release|Any CPU
		{B854E23F-C690-460B-8106-D58AF987D1F6}.Release|Any CPU.Build.0 = Release|Any CPU
		{D2FE7DFC-29FE-42ED-9799-42D3B409DD43}.Debug|Any CPU.ActiveCfg = Debug|Any CPU
		{D2FE7DFC-29FE-42ED-9799-42D3B409DD43}.Debug|Any CPU.Build.0 = Debug|Any CPU
		{D2FE7DFC-29FE-42ED-9799-42D3B409DD43}.Release|Any CPU.ActiveCfg = Release|Any CPU
		{D2FE7DFC-29FE-42ED-9799-42D3B409DD43}.Release|Any CPU.Build.0 = Release|Any CPU
		{5A577590-2AF7-4176-BC20-FA7B2B80BF9B}.Debug|Any CPU.ActiveCfg = Debug|Any CPU
		{5A577590-2AF7-4176-BC20-FA7B2B80BF9B}.Debug|Any CPU.Build.0 = Debug|Any CPU
		{5A577590-2AF7-4176-BC20-FA7B2B80BF9B}.Release|Any CPU.ActiveCfg = Release|Any CPU
		{5A577590-2AF7-4176-BC20-FA7B2B80BF9B}.Release|Any CPU.Build.0 = Release|Any CPU
	EndGlobalSection
	GlobalSection(SolutionProperties) = preSolution
		HideSolutionNode = FALSE
	EndGlobalSection
	GlobalSection(NestedProjects) = preSolution
		{5A577590-2AF7-4176-BC20-FA7B2B80BF9B} = {5123F263-9F4C-4016-83FC-8D5F45F28740}
	EndGlobalSection
EndGlobal
